// !$*UTF8*$!
{
	archiveVersion = 1;
	classes = {
	};
	objectVersion = 46;
	objects = {

/* Begin PBXBuildFile section */
		980B72841EEE2D5700BFF34E /* UIViewExtension.swift in Sources */ = {isa = PBXBuildFile; fileRef = 980B72831EEE2D5700BFF34E /* UIViewExtension.swift */; };
		984032E91EEA80AA004B3A1B /* AppDelegate.swift in Sources */ = {isa = PBXBuildFile; fileRef = 984032E81EEA80AA004B3A1B /* AppDelegate.swift */; };
		984032EB1EEA80AA004B3A1B /* ViewController.swift in Sources */ = {isa = PBXBuildFile; fileRef = 984032EA1EEA80AA004B3A1B /* ViewController.swift */; };
		984032EE1EEA80AA004B3A1B /* Main.storyboard in Resources */ = {isa = PBXBuildFile; fileRef = 984032EC1EEA80AA004B3A1B /* Main.storyboard */; };
		984032F01EEA80AA004B3A1B /* Assets.xcassets in Resources */ = {isa = PBXBuildFile; fileRef = 984032EF1EEA80AA004B3A1B /* Assets.xcassets */; };
		984032F31EEA80AA004B3A1B /* LaunchScreen.storyboard in Resources */ = {isa = PBXBuildFile; fileRef = 984032F11EEA80AA004B3A1B /* LaunchScreen.storyboard */; };
		984032FE1EEA80AA004B3A1B /* SDCycleScrollViewTests.swift in Sources */ = {isa = PBXBuildFile; fileRef = 984032FD1EEA80AA004B3A1B /* SDCycleScrollViewTests.swift */; };
		984033091EEA80AA004B3A1B /* SDCycleScrollViewUITests.swift in Sources */ = {isa = PBXBuildFile; fileRef = 984033081EEA80AA004B3A1B /* SDCycleScrollViewUITests.swift */; };
		984033171EEA80FD004B3A1B /* SDCycleScrollView.swift in Sources */ = {isa = PBXBuildFile; fileRef = 984033161EEA80FD004B3A1B /* SDCycleScrollView.swift */; };
		9840331A1EEA8E26004B3A1B /* SDCollectionViewCell.swift in Sources */ = {isa = PBXBuildFile; fileRef = 984033191EEA8E26004B3A1B /* SDCollectionViewCell.swift */; };
		9843F12C1EEF877500185B57 /* AFError.swift in Sources */ = {isa = PBXBuildFile; fileRef = 9843F1181EEF877500185B57 /* AFError.swift */; };
		9843F12D1EEF877500185B57 /* Alamofire.swift in Sources */ = {isa = PBXBuildFile; fileRef = 9843F11A1EEF877500185B57 /* Alamofire.swift */; };
		9843F12E1EEF877500185B57 /* DispatchQueue+Alamofire.swift in Sources */ = {isa = PBXBuildFile; fileRef = 9843F11B1EEF877500185B57 /* DispatchQueue+Alamofire.swift */; };
		9843F12F1EEF877500185B57 /* Info-tvOS.plist in Resources */ = {isa = PBXBuildFile; fileRef = 9843F11C1EEF877500185B57 /* Info-tvOS.plist */; };
		9843F1301EEF877500185B57 /* Info.plist in Resources */ = {isa = PBXBuildFile; fileRef = 9843F11D1EEF877500185B57 /* Info.plist */; };
		9843F1311EEF877500185B57 /* MultipartFormData.swift in Sources */ = {isa = PBXBuildFile; fileRef = 9843F11E1EEF877500185B57 /* MultipartFormData.swift */; };
		9843F1321EEF877500185B57 /* NetworkReachabilityManager.swift in Sources */ = {isa = PBXBuildFile; fileRef = 9843F11F1EEF877500185B57 /* NetworkReachabilityManager.swift */; };
		9843F1331EEF877500185B57 /* Notifications.swift in Sources */ = {isa = PBXBuildFile; fileRef = 9843F1201EEF877500185B57 /* Notifications.swift */; };
		9843F1341EEF877500185B57 /* ParameterEncoding.swift in Sources */ = {isa = PBXBuildFile; fileRef = 9843F1211EEF877500185B57 /* ParameterEncoding.swift */; };
		9843F1351EEF877500185B57 /* Request.swift in Sources */ = {isa = PBXBuildFile; fileRef = 9843F1221EEF877500185B57 /* Request.swift */; };
		9843F1361EEF877500185B57 /* Response.swift in Sources */ = {isa = PBXBuildFile; fileRef = 9843F1231EEF877500185B57 /* Response.swift */; };
		9843F1371EEF877500185B57 /* ResponseSerialization.swift in Sources */ = {isa = PBXBuildFile; fileRef = 9843F1241EEF877500185B57 /* ResponseSerialization.swift */; };
		9843F1381EEF877500185B57 /* Result.swift in Sources */ = {isa = PBXBuildFile; fileRef = 9843F1251EEF877500185B57 /* Result.swift */; };
		9843F1391EEF877500185B57 /* ServerTrustPolicy.swift in Sources */ = {isa = PBXBuildFile; fileRef = 9843F1261EEF877500185B57 /* ServerTrustPolicy.swift */; };
		9843F13A1EEF877500185B57 /* SessionDelegate.swift in Sources */ = {isa = PBXBuildFile; fileRef = 9843F1271EEF877500185B57 /* SessionDelegate.swift */; };
		9843F13B1EEF877500185B57 /* SessionManager.swift in Sources */ = {isa = PBXBuildFile; fileRef = 9843F1281EEF877500185B57 /* SessionManager.swift */; };
		9843F13C1EEF877500185B57 /* TaskDelegate.swift in Sources */ = {isa = PBXBuildFile; fileRef = 9843F1291EEF877500185B57 /* TaskDelegate.swift */; };
		9843F13D1EEF877500185B57 /* Timeline.swift in Sources */ = {isa = PBXBuildFile; fileRef = 9843F12A1EEF877500185B57 /* Timeline.swift */; };
		9843F13E1EEF877500185B57 /* Validation.swift in Sources */ = {isa = PBXBuildFile; fileRef = 9843F12B1EEF877500185B57 /* Validation.swift */; };
		9843F1651EEF96D600185B57 /* AFIError.swift in Sources */ = {isa = PBXBuildFile; fileRef = 9843F1591EEF96D600185B57 /* AFIError.swift */; };
		9843F1661EEF96D600185B57 /* Image.swift in Sources */ = {isa = PBXBuildFile; fileRef = 9843F15B1EEF96D600185B57 /* Image.swift */; };
		9843F1671EEF96D600185B57 /* ImageCache.swift in Sources */ = {isa = PBXBuildFile; fileRef = 9843F15C1EEF96D600185B57 /* ImageCache.swift */; };
		9843F1681EEF96D600185B57 /* ImageDownloader.swift in Sources */ = {isa = PBXBuildFile; fileRef = 9843F15D1EEF96D600185B57 /* ImageDownloader.swift */; };
		9843F1691EEF96D600185B57 /* ImageFilter.swift in Sources */ = {isa = PBXBuildFile; fileRef = 9843F15E1EEF96D600185B57 /* ImageFilter.swift */; };
		9843F16A1EEF96D600185B57 /* Info-tvOS.plist in Resources */ = {isa = PBXBuildFile; fileRef = 9843F15F1EEF96D600185B57 /* Info-tvOS.plist */; };
		9843F16B1EEF96D600185B57 /* Info.plist in Resources */ = {isa = PBXBuildFile; fileRef = 9843F1601EEF96D600185B57 /* Info.plist */; };
		9843F16C1EEF96D600185B57 /* Request+AlamofireImage.swift in Sources */ = {isa = PBXBuildFile; fileRef = 9843F1611EEF96D600185B57 /* Request+AlamofireImage.swift */; };
		9843F16D1EEF96D600185B57 /* UIButton+AlamofireImage.swift in Sources */ = {isa = PBXBuildFile; fileRef = 9843F1621EEF96D600185B57 /* UIButton+AlamofireImage.swift */; };
		9843F16E1EEF96D600185B57 /* UIImage+AlamofireImage.swift in Sources */ = {isa = PBXBuildFile; fileRef = 9843F1631EEF96D600185B57 /* UIImage+AlamofireImage.swift */; };
		9843F16F1EEF96D600185B57 /* UIImageView+AlamofireImage.swift in Sources */ = {isa = PBXBuildFile; fileRef = 9843F1641EEF96D600185B57 /* UIImageView+AlamofireImage.swift */; };
		98FB55D41EF0DAC6009817B6 /* pageControlDot@2x.png in Resources */ = {isa = PBXBuildFile; fileRef = 98FB55CA1EF0DAC6009817B6 /* pageControlDot@2x.png */; };
		98FB55D51EF0DAC6009817B6 /* pageControlDot@3x.png in Resources */ = {isa = PBXBuildFile; fileRef = 98FB55CB1EF0DAC6009817B6 /* pageControlDot@3x.png */; };
		98FB55D61EF0DAC6009817B6 /* pageControlCurrentDot@3x.png in Resources */ = {isa = PBXBuildFile; fileRef = 98FB55CC1EF0DAC6009817B6 /* pageControlCurrentDot@3x.png */; };
		98FB55D71EF0DAC6009817B6 /* pageControlCurrentDot@2x.png in Resources */ = {isa = PBXBuildFile; fileRef = 98FB55CD1EF0DAC6009817B6 /* pageControlCurrentDot@2x.png */; };
		98FB55D81EF0DAC6009817B6 /* 005.jpg in Resources */ = {isa = PBXBuildFile; fileRef = 98FB55CE1EF0DAC6009817B6 /* 005.jpg */; };
		98FB55D91EF0DAC6009817B6 /* placeholder@2x.png in Resources */ = {isa = PBXBuildFile; fileRef = 98FB55CF1EF0DAC6009817B6 /* placeholder@2x.png */; };
		98FB55DA1EF0DAC6009817B6 /* h1.jpg in Resources */ = {isa = PBXBuildFile; fileRef = 98FB55D01EF0DAC6009817B6 /* h1.jpg */; };
		98FB55DB1EF0DAC6009817B6 /* h3.jpg in Resources */ = {isa = PBXBuildFile; fileRef = 98FB55D11EF0DAC6009817B6 /* h3.jpg */; };
		98FB55DC1EF0DAC6009817B6 /* h2.jpg in Resources */ = {isa = PBXBuildFile; fileRef = 98FB55D21EF0DAC6009817B6 /* h2.jpg */; };
		98FB55DD1EF0DAC6009817B6 /* h4.jpg in Resources */ = {isa = PBXBuildFile; fileRef = 98FB55D31EF0DAC6009817B6 /* h4.jpg */; };
/* End PBXBuildFile section */

/* Begin PBXContainerItemProxy section */
		984032FA1EEA80AA004B3A1B /* PBXContainerItemProxy */ = {
			isa = PBXContainerItemProxy;
			containerPortal = 984032DD1EEA80A9004B3A1B /* Project object */;
			proxyType = 1;
			remoteGlobalIDString = 984032E41EEA80AA004B3A1B;
			remoteInfo = SDCycleScrollView;
		};
		984033051EEA80AA004B3A1B /* PBXContainerItemProxy */ = {
			isa = PBXContainerItemProxy;
			containerPortal = 984032DD1EEA80A9004B3A1B /* Project object */;
			proxyType = 1;
			remoteGlobalIDString = 984032E41EEA80AA004B3A1B;
			remoteInfo = SDCycleScrollView;
		};
/* End PBXContainerItemProxy section */

/* Begin PBXFileReference section */
		980B72831EEE2D5700BFF34E /* UIViewExtension.swift */ = {isa = PBXFileReference; fileEncoding = 4; lastKnownFileType = sourcecode.swift; path = UIViewExtension.swift; sourceTree = "<group>"; };
		984032E51EEA80AA004B3A1B /* SDCycleScrollView.app */ = {isa = PBXFileReference; explicitFileType = wrapper.application; includeInIndex = 0; path = SDCycleScrollView.app; sourceTree = BUILT_PRODUCTS_DIR; };
		984032E81EEA80AA004B3A1B /* AppDelegate.swift */ = {isa = PBXFileReference; lastKnownFileType = sourcecode.swift; path = AppDelegate.swift; sourceTree = "<group>"; };
		984032EA1EEA80AA004B3A1B /* ViewController.swift */ = {isa = PBXFileReference; lastKnownFileType = sourcecode.swift; path = ViewController.swift; sourceTree = "<group>"; };
		984032ED1EEA80AA004B3A1B /* Base */ = {isa = PBXFileReference; lastKnownFileType = file.storyboard; name = Base; path = Base.lproj/Main.storyboard; sourceTree = "<group>"; };
		984032EF1EEA80AA004B3A1B /* Assets.xcassets */ = {isa = PBXFileReference; lastKnownFileType = folder.assetcatalog; path = Assets.xcassets; sourceTree = "<group>"; };
		984032F21EEA80AA004B3A1B /* Base */ = {isa = PBXFileReference; lastKnownFileType = file.storyboard; name = Base; path = Base.lproj/LaunchScreen.storyboard; sourceTree = "<group>"; };
		984032F41EEA80AA004B3A1B /* Info.plist */ = {isa = PBXFileReference; lastKnownFileType = text.plist.xml; path = Info.plist; sourceTree = "<group>"; };
		984032F91EEA80AA004B3A1B /* SDCycleScrollViewTests.xctest */ = {isa = PBXFileReference; explicitFileType = wrapper.cfbundle; includeInIndex = 0; path = SDCycleScrollViewTests.xctest; sourceTree = BUILT_PRODUCTS_DIR; };
		984032FD1EEA80AA004B3A1B /* SDCycleScrollViewTests.swift */ = {isa = PBXFileReference; lastKnownFileType = sourcecode.swift; path = SDCycleScrollViewTests.swift; sourceTree = "<group>"; };
		984032FF1EEA80AA004B3A1B /* Info.plist */ = {isa = PBXFileReference; lastKnownFileType = text.plist.xml; path = Info.plist; sourceTree = "<group>"; };
		984033041EEA80AA004B3A1B /* SDCycleScrollViewUITests.xctest */ = {isa = PBXFileReference; explicitFileType = wrapper.cfbundle; includeInIndex = 0; path = SDCycleScrollViewUITests.xctest; sourceTree = BUILT_PRODUCTS_DIR; };
		984033081EEA80AA004B3A1B /* SDCycleScrollViewUITests.swift */ = {isa = PBXFileReference; lastKnownFileType = sourcecode.swift; path = SDCycleScrollViewUITests.swift; sourceTree = "<group>"; };
		9840330A1EEA80AA004B3A1B /* Info.plist */ = {isa = PBXFileReference; lastKnownFileType = text.plist.xml; path = Info.plist; sourceTree = "<group>"; };
		984033161EEA80FD004B3A1B /* SDCycleScrollView.swift */ = {isa = PBXFileReference; fileEncoding = 4; lastKnownFileType = sourcecode.swift; path = SDCycleScrollView.swift; sourceTree = "<group>"; };
		984033191EEA8E26004B3A1B /* SDCollectionViewCell.swift */ = {isa = PBXFileReference; fileEncoding = 4; lastKnownFileType = sourcecode.swift; path = SDCollectionViewCell.swift; sourceTree = "<group>"; };
		9843F1181EEF877500185B57 /* AFError.swift */ = {isa = PBXFileReference; fileEncoding = 4; lastKnownFileType = sourcecode.swift; path = AFError.swift; sourceTree = "<group>"; };
		9843F1191EEF877500185B57 /* Alamofire.h */ = {isa = PBXFileReference; fileEncoding = 4; lastKnownFileType = sourcecode.c.h; path = Alamofire.h; sourceTree = "<group>"; };
		9843F11A1EEF877500185B57 /* Alamofire.swift */ = {isa = PBXFileReference; fileEncoding = 4; lastKnownFileType = sourcecode.swift; path = Alamofire.swift; sourceTree = "<group>"; };
		9843F11B1EEF877500185B57 /* DispatchQueue+Alamofire.swift */ = {isa = PBXFileReference; fileEncoding = 4; lastKnownFileType = sourcecode.swift; path = "DispatchQueue+Alamofire.swift"; sourceTree = "<group>"; };
		9843F11C1EEF877500185B57 /* Info-tvOS.plist */ = {isa = PBXFileReference; fileEncoding = 4; lastKnownFileType = text.plist.xml; path = "Info-tvOS.plist"; sourceTree = "<group>"; };
		9843F11D1EEF877500185B57 /* Info.plist */ = {isa = PBXFileReference; fileEncoding = 4; lastKnownFileType = text.plist.xml; path = Info.plist; sourceTree = "<group>"; };
		9843F11E1EEF877500185B57 /* MultipartFormData.swift */ = {isa = PBXFileReference; fileEncoding = 4; lastKnownFileType = sourcecode.swift; path = MultipartFormData.swift; sourceTree = "<group>"; };
		9843F11F1EEF877500185B57 /* NetworkReachabilityManager.swift */ = {isa = PBXFileReference; fileEncoding = 4; lastKnownFileType = sourcecode.swift; path = NetworkReachabilityManager.swift; sourceTree = "<group>"; };
		9843F1201EEF877500185B57 /* Notifications.swift */ = {isa = PBXFileReference; fileEncoding = 4; lastKnownFileType = sourcecode.swift; path = Notifications.swift; sourceTree = "<group>"; };
		9843F1211EEF877500185B57 /* ParameterEncoding.swift */ = {isa = PBXFileReference; fileEncoding = 4; lastKnownFileType = sourcecode.swift; path = ParameterEncoding.swift; sourceTree = "<group>"; };
		9843F1221EEF877500185B57 /* Request.swift */ = {isa = PBXFileReference; fileEncoding = 4; lastKnownFileType = sourcecode.swift; path = Request.swift; sourceTree = "<group>"; };
		9843F1231EEF877500185B57 /* Response.swift */ = {isa = PBXFileReference; fileEncoding = 4; lastKnownFileType = sourcecode.swift; path = Response.swift; sourceTree = "<group>"; };
		9843F1241EEF877500185B57 /* ResponseSerialization.swift */ = {isa = PBXFileReference; fileEncoding = 4; lastKnownFileType = sourcecode.swift; path = ResponseSerialization.swift; sourceTree = "<group>"; };
		9843F1251EEF877500185B57 /* Result.swift */ = {isa = PBXFileReference; fileEncoding = 4; lastKnownFileType = sourcecode.swift; path = Result.swift; sourceTree = "<group>"; };
		9843F1261EEF877500185B57 /* ServerTrustPolicy.swift */ = {isa = PBXFileReference; fileEncoding = 4; lastKnownFileType = sourcecode.swift; path = ServerTrustPolicy.swift; sourceTree = "<group>"; };
		9843F1271EEF877500185B57 /* SessionDelegate.swift */ = {isa = PBXFileReference; fileEncoding = 4; lastKnownFileType = sourcecode.swift; path = SessionDelegate.swift; sourceTree = "<group>"; };
		9843F1281EEF877500185B57 /* SessionManager.swift */ = {isa = PBXFileReference; fileEncoding = 4; lastKnownFileType = sourcecode.swift; path = SessionManager.swift; sourceTree = "<group>"; };
		9843F1291EEF877500185B57 /* TaskDelegate.swift */ = {isa = PBXFileReference; fileEncoding = 4; lastKnownFileType = sourcecode.swift; path = TaskDelegate.swift; sourceTree = "<group>"; };
		9843F12A1EEF877500185B57 /* Timeline.swift */ = {isa = PBXFileReference; fileEncoding = 4; lastKnownFileType = sourcecode.swift; path = Timeline.swift; sourceTree = "<group>"; };
		9843F12B1EEF877500185B57 /* Validation.swift */ = {isa = PBXFileReference; fileEncoding = 4; lastKnownFileType = sourcecode.swift; path = Validation.swift; sourceTree = "<group>"; };
		9843F1591EEF96D600185B57 /* AFIError.swift */ = {isa = PBXFileReference; fileEncoding = 4; lastKnownFileType = sourcecode.swift; path = AFIError.swift; sourceTree = "<group>"; };
		9843F15A1EEF96D600185B57 /* AlamofireImage.h */ = {isa = PBXFileReference; fileEncoding = 4; lastKnownFileType = sourcecode.c.h; path = AlamofireImage.h; sourceTree = "<group>"; };
		9843F15B1EEF96D600185B57 /* Image.swift */ = {isa = PBXFileReference; fileEncoding = 4; lastKnownFileType = sourcecode.swift; path = Image.swift; sourceTree = "<group>"; };
		9843F15C1EEF96D600185B57 /* ImageCache.swift */ = {isa = PBXFileReference; fileEncoding = 4; lastKnownFileType = sourcecode.swift; path = ImageCache.swift; sourceTree = "<group>"; };
		9843F15D1EEF96D600185B57 /* ImageDownloader.swift */ = {isa = PBXFileReference; fileEncoding = 4; lastKnownFileType = sourcecode.swift; path = ImageDownloader.swift; sourceTree = "<group>"; };
		9843F15E1EEF96D600185B57 /* ImageFilter.swift */ = {isa = PBXFileReference; fileEncoding = 4; lastKnownFileType = sourcecode.swift; path = ImageFilter.swift; sourceTree = "<group>"; };
		9843F15F1EEF96D600185B57 /* Info-tvOS.plist */ = {isa = PBXFileReference; fileEncoding = 4; lastKnownFileType = text.plist.xml; path = "Info-tvOS.plist"; sourceTree = "<group>"; };
		9843F1601EEF96D600185B57 /* Info.plist */ = {isa = PBXFileReference; fileEncoding = 4; lastKnownFileType = text.plist.xml; path = Info.plist; sourceTree = "<group>"; };
		9843F1611EEF96D600185B57 /* Request+AlamofireImage.swift */ = {isa = PBXFileReference; fileEncoding = 4; lastKnownFileType = sourcecode.swift; path = "Request+AlamofireImage.swift"; sourceTree = "<group>"; };
		9843F1621EEF96D600185B57 /* UIButton+AlamofireImage.swift */ = {isa = PBXFileReference; fileEncoding = 4; lastKnownFileType = sourcecode.swift; path = "UIButton+AlamofireImage.swift"; sourceTree = "<group>"; };
		9843F1631EEF96D600185B57 /* UIImage+AlamofireImage.swift */ = {isa = PBXFileReference; fileEncoding = 4; lastKnownFileType = sourcecode.swift; path = "UIImage+AlamofireImage.swift"; sourceTree = "<group>"; };
		9843F1641EEF96D600185B57 /* UIImageView+AlamofireImage.swift */ = {isa = PBXFileReference; fileEncoding = 4; lastKnownFileType = sourcecode.swift; path = "UIImageView+AlamofireImage.swift"; sourceTree = "<group>"; };
		98FB55CA1EF0DAC6009817B6 /* pageControlDot@2x.png */ = {isa = PBXFileReference; lastKnownFileType = image.png; path = "pageControlDot@2x.png"; sourceTree = "<group>"; };
		98FB55CB1EF0DAC6009817B6 /* pageControlDot@3x.png */ = {isa = PBXFileReference; lastKnownFileType = image.png; path = "pageControlDot@3x.png"; sourceTree = "<group>"; };
		98FB55CC1EF0DAC6009817B6 /* pageControlCurrentDot@3x.png */ = {isa = PBXFileReference; lastKnownFileType = image.png; path = "pageControlCurrentDot@3x.png"; sourceTree = "<group>"; };
		98FB55CD1EF0DAC6009817B6 /* pageControlCurrentDot@2x.png */ = {isa = PBXFileReference; lastKnownFileType = image.png; path = "pageControlCurrentDot@2x.png"; sourceTree = "<group>"; };
		98FB55CE1EF0DAC6009817B6 /* 005.jpg */ = {isa = PBXFileReference; lastKnownFileType = image.jpeg; path = 005.jpg; sourceTree = "<group>"; };
		98FB55CF1EF0DAC6009817B6 /* placeholder@2x.png */ = {isa = PBXFileReference; lastKnownFileType = image.png; path = "placeholder@2x.png"; sourceTree = "<group>"; };
		98FB55D01EF0DAC6009817B6 /* h1.jpg */ = {isa = PBXFileReference; lastKnownFileType = image.jpeg; path = h1.jpg; sourceTree = "<group>"; };
		98FB55D11EF0DAC6009817B6 /* h3.jpg */ = {isa = PBXFileReference; lastKnownFileType = image.jpeg; path = h3.jpg; sourceTree = "<group>"; };
		98FB55D21EF0DAC6009817B6 /* h2.jpg */ = {isa = PBXFileReference; lastKnownFileType = image.jpeg; path = h2.jpg; sourceTree = "<group>"; };
		98FB55D31EF0DAC6009817B6 /* h4.jpg */ = {isa = PBXFileReference; lastKnownFileType = image.jpeg; path = h4.jpg; sourceTree = "<group>"; };
/* End PBXFileReference section */

/* Begin PBXFrameworksBuildPhase section */
		984032E21EEA80AA004B3A1B /* Frameworks */ = {
			isa = PBXFrameworksBuildPhase;
			buildActionMask = 2147483647;
			files = (
			);
			runOnlyForDeploymentPostprocessing = 0;
		};
		984032F61EEA80AA004B3A1B /* Frameworks */ = {
			isa = PBXFrameworksBuildPhase;
			buildActionMask = 2147483647;
			files = (
			);
			runOnlyForDeploymentPostprocessing = 0;
		};
		984033011EEA80AA004B3A1B /* Frameworks */ = {
			isa = PBXFrameworksBuildPhase;
			buildActionMask = 2147483647;
			files = (
			);
			runOnlyForDeploymentPostprocessing = 0;
		};
/* End PBXFrameworksBuildPhase section */

/* Begin PBXGroup section */
		984032DC1EEA80A9004B3A1B = {
			isa = PBXGroup;
			children = (
				984032E71EEA80AA004B3A1B /* SDCycleScrollView */,
				984032FC1EEA80AA004B3A1B /* SDCycleScrollViewTests */,
				984033071EEA80AA004B3A1B /* SDCycleScrollViewUITests */,
				984032E61EEA80AA004B3A1B /* Products */,
			);
			sourceTree = "<group>";
		};
		984032E61EEA80AA004B3A1B /* Products */ = {
			isa = PBXGroup;
			children = (
				984032E51EEA80AA004B3A1B /* SDCycleScrollView.app */,
				984032F91EEA80AA004B3A1B /* SDCycleScrollViewTests.xctest */,
				984033041EEA80AA004B3A1B /* SDCycleScrollViewUITests.xctest */,
			);
			name = Products;
			sourceTree = "<group>";
		};
		984032E71EEA80AA004B3A1B /* SDCycleScrollView */ = {
			isa = PBXGroup;
			children = (
				98FB55C91EF0DAAD009817B6 /* SupportFile */,
				9843F1581EEF96D600185B57 /* AlamofireImage */,
				9843F1171EEF877500185B57 /* Alamofire */,
				984032E81EEA80AA004B3A1B /* AppDelegate.swift */,
				984032EA1EEA80AA004B3A1B /* ViewController.swift */,
				984032EC1EEA80AA004B3A1B /* Main.storyboard */,
				984033161EEA80FD004B3A1B /* SDCycleScrollView.swift */,
				984033191EEA8E26004B3A1B /* SDCollectionViewCell.swift */,
				980B72831EEE2D5700BFF34E /* UIViewExtension.swift */,
				984032EF1EEA80AA004B3A1B /* Assets.xcassets */,
				984032F11EEA80AA004B3A1B /* LaunchScreen.storyboard */,
				984032F41EEA80AA004B3A1B /* Info.plist */,
			);
			path = SDCycleScrollView;
			sourceTree = "<group>";
		};
		984032FC1EEA80AA004B3A1B /* SDCycleScrollViewTests */ = {
			isa = PBXGroup;
			children = (
				984032FD1EEA80AA004B3A1B /* SDCycleScrollViewTests.swift */,
				984032FF1EEA80AA004B3A1B /* Info.plist */,
			);
			path = SDCycleScrollViewTests;
			sourceTree = "<group>";
		};
		984033071EEA80AA004B3A1B /* SDCycleScrollViewUITests */ = {
			isa = PBXGroup;
			children = (
				984033081EEA80AA004B3A1B /* SDCycleScrollViewUITests.swift */,
				9840330A1EEA80AA004B3A1B /* Info.plist */,
			);
			path = SDCycleScrollViewUITests;
			sourceTree = "<group>";
		};
		9843F1171EEF877500185B57 /* Alamofire */ = {
			isa = PBXGroup;
			children = (
				9843F1181EEF877500185B57 /* AFError.swift */,
				9843F1191EEF877500185B57 /* Alamofire.h */,
				9843F11A1EEF877500185B57 /* Alamofire.swift */,
				9843F11B1EEF877500185B57 /* DispatchQueue+Alamofire.swift */,
				9843F11C1EEF877500185B57 /* Info-tvOS.plist */,
				9843F11D1EEF877500185B57 /* Info.plist */,
				9843F11E1EEF877500185B57 /* MultipartFormData.swift */,
				9843F11F1EEF877500185B57 /* NetworkReachabilityManager.swift */,
				9843F1201EEF877500185B57 /* Notifications.swift */,
				9843F1211EEF877500185B57 /* ParameterEncoding.swift */,
				9843F1221EEF877500185B57 /* Request.swift */,
				9843F1231EEF877500185B57 /* Response.swift */,
				9843F1241EEF877500185B57 /* ResponseSerialization.swift */,
				9843F1251EEF877500185B57 /* Result.swift */,
				9843F1261EEF877500185B57 /* ServerTrustPolicy.swift */,
				9843F1271EEF877500185B57 /* SessionDelegate.swift */,
				9843F1281EEF877500185B57 /* SessionManager.swift */,
				9843F1291EEF877500185B57 /* TaskDelegate.swift */,
				9843F12A1EEF877500185B57 /* Timeline.swift */,
				9843F12B1EEF877500185B57 /* Validation.swift */,
			);
			path = Alamofire;
			sourceTree = "<group>";
		};
		9843F1581EEF96D600185B57 /* AlamofireImage */ = {
			isa = PBXGroup;
			children = (
				9843F1591EEF96D600185B57 /* AFIError.swift */,
				9843F15A1EEF96D600185B57 /* AlamofireImage.h */,
				9843F15B1EEF96D600185B57 /* Image.swift */,
				9843F15C1EEF96D600185B57 /* ImageCache.swift */,
				9843F15D1EEF96D600185B57 /* ImageDownloader.swift */,
				9843F15E1EEF96D600185B57 /* ImageFilter.swift */,
				9843F15F1EEF96D600185B57 /* Info-tvOS.plist */,
				9843F1601EEF96D600185B57 /* Info.plist */,
				9843F1611EEF96D600185B57 /* Request+AlamofireImage.swift */,
				9843F1621EEF96D600185B57 /* UIButton+AlamofireImage.swift */,
				9843F1631EEF96D600185B57 /* UIImage+AlamofireImage.swift */,
				9843F1641EEF96D600185B57 /* UIImageView+AlamofireImage.swift */,
			);
			path = AlamofireImage;
			sourceTree = "<group>";
		};
		98FB55C91EF0DAAD009817B6 /* SupportFile */ = {
			isa = PBXGroup;
			children = (
				98FB55CA1EF0DAC6009817B6 /* pageControlDot@2x.png */,
				98FB55CB1EF0DAC6009817B6 /* pageControlDot@3x.png */,
				98FB55CC1EF0DAC6009817B6 /* pageControlCurrentDot@3x.png */,
				98FB55CD1EF0DAC6009817B6 /* pageControlCurrentDot@2x.png */,
				98FB55CE1EF0DAC6009817B6 /* 005.jpg */,
				98FB55CF1EF0DAC6009817B6 /* placeholder@2x.png */,
				98FB55D01EF0DAC6009817B6 /* h1.jpg */,
				98FB55D11EF0DAC6009817B6 /* h3.jpg */,
				98FB55D21EF0DAC6009817B6 /* h2.jpg */,
				98FB55D31EF0DAC6009817B6 /* h4.jpg */,
			);
			path = SupportFile;
			sourceTree = "<group>";
		};
/* End PBXGroup section */

/* Begin PBXNativeTarget section */
		984032E41EEA80AA004B3A1B /* SDCycleScrollView */ = {
			isa = PBXNativeTarget;
			buildConfigurationList = 9840330D1EEA80AA004B3A1B /* Build configuration list for PBXNativeTarget "SDCycleScrollView" */;
			buildPhases = (
				984032E11EEA80AA004B3A1B /* Sources */,
				984032E21EEA80AA004B3A1B /* Frameworks */,
				984032E31EEA80AA004B3A1B /* Resources */,
			);
			buildRules = (
			);
			dependencies = (
			);
			name = SDCycleScrollView;
			productName = SDCycleScrollView;
			productReference = 984032E51EEA80AA004B3A1B /* SDCycleScrollView.app */;
			productType = "com.apple.product-type.application";
		};
		984032F81EEA80AA004B3A1B /* SDCycleScrollViewTests */ = {
			isa = PBXNativeTarget;
			buildConfigurationList = 984033101EEA80AA004B3A1B /* Build configuration list for PBXNativeTarget "SDCycleScrollViewTests" */;
			buildPhases = (
				984032F51EEA80AA004B3A1B /* Sources */,
				984032F61EEA80AA004B3A1B /* Frameworks */,
				984032F71EEA80AA004B3A1B /* Resources */,
			);
			buildRules = (
			);
			dependencies = (
				984032FB1EEA80AA004B3A1B /* PBXTargetDependency */,
			);
			name = SDCycleScrollViewTests;
			productName = SDCycleScrollViewTests;
			productReference = 984032F91EEA80AA004B3A1B /* SDCycleScrollViewTests.xctest */;
			productType = "com.apple.product-type.bundle.unit-test";
		};
		984033031EEA80AA004B3A1B /* SDCycleScrollViewUITests */ = {
			isa = PBXNativeTarget;
			buildConfigurationList = 984033131EEA80AA004B3A1B /* Build configuration list for PBXNativeTarget "SDCycleScrollViewUITests" */;
			buildPhases = (
				984033001EEA80AA004B3A1B /* Sources */,
				984033011EEA80AA004B3A1B /* Frameworks */,
				984033021EEA80AA004B3A1B /* Resources */,
			);
			buildRules = (
			);
			dependencies = (
				984033061EEA80AA004B3A1B /* PBXTargetDependency */,
			);
			name = SDCycleScrollViewUITests;
			productName = SDCycleScrollViewUITests;
			productReference = 984033041EEA80AA004B3A1B /* SDCycleScrollViewUITests.xctest */;
			productType = "com.apple.product-type.bundle.ui-testing";
		};
/* End PBXNativeTarget section */

/* Begin PBXProject section */
		984032DD1EEA80A9004B3A1B /* Project object */ = {
			isa = PBXProject;
			attributes = {
				LastSwiftUpdateCheck = 0830;
				LastUpgradeCheck = 0830;
				ORGANIZATIONNAME = zm;
				TargetAttributes = {
					984032E41EEA80AA004B3A1B = {
						CreatedOnToolsVersion = 8.3.2;
						DevelopmentTeam = 4QQ73282F5;
						ProvisioningStyle = Automatic;
					};
					984032F81EEA80AA004B3A1B = {
						CreatedOnToolsVersion = 8.3.2;
						ProvisioningStyle = Automatic;
						TestTargetID = 984032E41EEA80AA004B3A1B;
					};
					984033031EEA80AA004B3A1B = {
						CreatedOnToolsVersion = 8.3.2;
						ProvisioningStyle = Automatic;
						TestTargetID = 984032E41EEA80AA004B3A1B;
					};
				};
			};
			buildConfigurationList = 984032E01EEA80A9004B3A1B /* Build configuration list for PBXProject "SDCycleScrollView" */;
			compatibilityVersion = "Xcode 3.2";
			developmentRegion = English;
			hasScannedForEncodings = 0;
			knownRegions = (
				en,
				Base,
			);
			mainGroup = 984032DC1EEA80A9004B3A1B;
			productRefGroup = 984032E61EEA80AA004B3A1B /* Products */;
			projectDirPath = "";
			projectRoot = "";
			targets = (
				984032E41EEA80AA004B3A1B /* SDCycleScrollView */,
				984032F81EEA80AA004B3A1B /* SDCycleScrollViewTests */,
				984033031EEA80AA004B3A1B /* SDCycleScrollViewUITests */,
			);
		};
/* End PBXProject section */

/* Begin PBXResourcesBuildPhase section */
		984032E31EEA80AA004B3A1B /* Resources */ = {
			isa = PBXResourcesBuildPhase;
			buildActionMask = 2147483647;
			files = (
				9843F16A1EEF96D600185B57 /* Info-tvOS.plist in Resources */,
				984032F31EEA80AA004B3A1B /* LaunchScreen.storyboard in Resources */,
				984032F01EEA80AA004B3A1B /* Assets.xcassets in Resources */,
				98FB55D91EF0DAC6009817B6 /* placeholder@2x.png in Resources */,
				98FB55D81EF0DAC6009817B6 /* 005.jpg in Resources */,
				98FB55DB1EF0DAC6009817B6 /* h3.jpg in Resources */,
				9843F12F1EEF877500185B57 /* Info-tvOS.plist in Resources */,
				98FB55DA1EF0DAC6009817B6 /* h1.jpg in Resources */,
				98FB55D61EF0DAC6009817B6 /* pageControlCurrentDot@3x.png in Resources */,
				98FB55D71EF0DAC6009817B6 /* pageControlCurrentDot@2x.png in Resources */,
				9843F1301EEF877500185B57 /* Info.plist in Resources */,
				984032EE1EEA80AA004B3A1B /* Main.storyboard in Resources */,
				98FB55D51EF0DAC6009817B6 /* pageControlDot@3x.png in Resources */,
				9843F16B1EEF96D600185B57 /* Info.plist in Resources */,
				98FB55D41EF0DAC6009817B6 /* pageControlDot@2x.png in Resources */,
				98FB55DD1EF0DAC6009817B6 /* h4.jpg in Resources */,
				98FB55DC1EF0DAC6009817B6 /* h2.jpg in Resources */,
			);
			runOnlyForDeploymentPostprocessing = 0;
		};
		984032F71EEA80AA004B3A1B /* Resources */ = {
			isa = PBXResourcesBuildPhase;
			buildActionMask = 2147483647;
			files = (
			);
			runOnlyForDeploymentPostprocessing = 0;
		};
		984033021EEA80AA004B3A1B /* Resources */ = {
			isa = PBXResourcesBuildPhase;
			buildActionMask = 2147483647;
			files = (
			);
			runOnlyForDeploymentPostprocessing = 0;
		};
/* End PBXResourcesBuildPhase section */

/* Begin PBXSourcesBuildPhase section */
		984032E11EEA80AA004B3A1B /* Sources */ = {
			isa = PBXSourcesBuildPhase;
			buildActionMask = 2147483647;
			files = (
				9843F16D1EEF96D600185B57 /* UIButton+AlamofireImage.swift in Sources */,
				9843F1321EEF877500185B57 /* NetworkReachabilityManager.swift in Sources */,
				9843F1661EEF96D600185B57 /* Image.swift in Sources */,
				9843F16F1EEF96D600185B57 /* UIImageView+AlamofireImage.swift in Sources */,
				9843F1681EEF96D600185B57 /* ImageDownloader.swift in Sources */,
				9843F1351EEF877500185B57 /* Request.swift in Sources */,
				9843F13E1EEF877500185B57 /* Validation.swift in Sources */,
				9843F12E1EEF877500185B57 /* DispatchQueue+Alamofire.swift in Sources */,
				9843F13B1EEF877500185B57 /* SessionManager.swift in Sources */,
				9843F16E1EEF96D600185B57 /* UIImage+AlamofireImage.swift in Sources */,
				9843F13A1EEF877500185B57 /* SessionDelegate.swift in Sources */,
				9843F1331EEF877500185B57 /* Notifications.swift in Sources */,
				980B72841EEE2D5700BFF34E /* UIViewExtension.swift in Sources */,
				984032EB1EEA80AA004B3A1B /* ViewController.swift in Sources */,
				9843F1671EEF96D600185B57 /* ImageCache.swift in Sources */,
				9843F1381EEF877500185B57 /* Result.swift in Sources */,
				9843F1361EEF877500185B57 /* Response.swift in Sources */,
				984032E91EEA80AA004B3A1B /* AppDelegate.swift in Sources */,
				9843F1341EEF877500185B57 /* ParameterEncoding.swift in Sources */,
				984033171EEA80FD004B3A1B /* SDCycleScrollView.swift in Sources */,
				9843F1391EEF877500185B57 /* ServerTrustPolicy.swift in Sources */,
				9843F1691EEF96D600185B57 /* ImageFilter.swift in Sources */,
				9840331A1EEA8E26004B3A1B /* SDCollectionViewCell.swift in Sources */,
				9843F13D1EEF877500185B57 /* Timeline.swift in Sources */,
				9843F13C1EEF877500185B57 /* TaskDelegate.swift in Sources */,
				9843F16C1EEF96D600185B57 /* Request+AlamofireImage.swift in Sources */,
				9843F1311EEF877500185B57 /* MultipartFormData.swift in Sources */,
				9843F1651EEF96D600185B57 /* AFIError.swift in Sources */,
				9843F12C1EEF877500185B57 /* AFError.swift in Sources */,
				9843F1371EEF877500185B57 /* ResponseSerialization.swift in Sources */,
				9843F12D1EEF877500185B57 /* Alamofire.swift in Sources */,
			);
			runOnlyForDeploymentPostprocessing = 0;
		};
		984032F51EEA80AA004B3A1B /* Sources */ = {
			isa = PBXSourcesBuildPhase;
			buildActionMask = 2147483647;
			files = (
				984032FE1EEA80AA004B3A1B /* SDCycleScrollViewTests.swift in Sources */,
			);
			runOnlyForDeploymentPostprocessing = 0;
		};
		984033001EEA80AA004B3A1B /* Sources */ = {
			isa = PBXSourcesBuildPhase;
			buildActionMask = 2147483647;
			files = (
				984033091EEA80AA004B3A1B /* SDCycleScrollViewUITests.swift in Sources */,
			);
			runOnlyForDeploymentPostprocessing = 0;
		};
/* End PBXSourcesBuildPhase section */

/* Begin PBXTargetDependency section */
		984032FB1EEA80AA004B3A1B /* PBXTargetDependency */ = {
			isa = PBXTargetDependency;
			target = 984032E41EEA80AA004B3A1B /* SDCycleScrollView */;
			targetProxy = 984032FA1EEA80AA004B3A1B /* PBXContainerItemProxy */;
		};
		984033061EEA80AA004B3A1B /* PBXTargetDependency */ = {
			isa = PBXTargetDependency;
			target = 984032E41EEA80AA004B3A1B /* SDCycleScrollView */;
			targetProxy = 984033051EEA80AA004B3A1B /* PBXContainerItemProxy */;
		};
/* End PBXTargetDependency section */

/* Begin PBXVariantGroup section */
		984032EC1EEA80AA004B3A1B /* Main.storyboard */ = {
			isa = PBXVariantGroup;
			children = (
				984032ED1EEA80AA004B3A1B /* Base */,
			);
			name = Main.storyboard;
			sourceTree = "<group>";
		};
		984032F11EEA80AA004B3A1B /* LaunchScreen.storyboard */ = {
			isa = PBXVariantGroup;
			children = (
				984032F21EEA80AA004B3A1B /* Base */,
			);
			name = LaunchScreen.storyboard;
			sourceTree = "<group>";
		};
/* End PBXVariantGroup section */

/* Begin XCBuildConfiguration section */
		9840330B1EEA80AA004B3A1B /* Debug */ = {
			isa = XCBuildConfiguration;
			buildSettings = {
				ALWAYS_SEARCH_USER_PATHS = NO;
				CLANG_ANALYZER_NONNULL = YES;
				CLANG_ANALYZER_NUMBER_OBJECT_CONVERSION = YES_AGGRESSIVE;
				CLANG_CXX_LANGUAGE_STANDARD = "gnu++0x";
				CLANG_CXX_LIBRARY = "libc++";
				CLANG_ENABLE_MODULES = YES;
				CLANG_ENABLE_OBJC_ARC = YES;
				CLANG_WARN_BOOL_CONVERSION = YES;
				CLANG_WARN_CONSTANT_CONVERSION = YES;
				CLANG_WARN_DIRECT_OBJC_ISA_USAGE = YES_ERROR;
				CLANG_WARN_DOCUMENTATION_COMMENTS = YES;
				CLANG_WARN_EMPTY_BODY = YES;
				CLANG_WARN_ENUM_CONVERSION = YES;
				CLANG_WARN_INFINITE_RECURSION = YES;
				CLANG_WARN_INT_CONVERSION = YES;
				CLANG_WARN_OBJC_ROOT_CLASS = YES_ERROR;
				CLANG_WARN_SUSPICIOUS_MOVE = YES;
				CLANG_WARN_UNREACHABLE_CODE = YES;
				CLANG_WARN__DUPLICATE_METHOD_MATCH = YES;
				"CODE_SIGN_IDENTITY[sdk=iphoneos*]" = "iPhone Developer";
				COPY_PHASE_STRIP = NO;
				DEBUG_INFORMATION_FORMAT = dwarf;
				ENABLE_STRICT_OBJC_MSGSEND = YES;
				ENABLE_TESTABILITY = YES;
				GCC_C_LANGUAGE_STANDARD = gnu99;
				GCC_DYNAMIC_NO_PIC = NO;
				GCC_NO_COMMON_BLOCKS = YES;
				GCC_OPTIMIZATION_LEVEL = 0;
				GCC_PREPROCESSOR_DEFINITIONS = (
					"DEBUG=1",
					"$(inherited)",
				);
				GCC_WARN_64_TO_32_BIT_CONVERSION = YES;
				GCC_WARN_ABOUT_RETURN_TYPE = YES_ERROR;
				GCC_WARN_UNDECLARED_SELECTOR = YES;
				GCC_WARN_UNINITIALIZED_AUTOS = YES_AGGRESSIVE;
				GCC_WARN_UNUSED_FUNCTION = YES;
				GCC_WARN_UNUSED_VARIABLE = YES;
				IPHONEOS_DEPLOYMENT_TARGET = 10.3;
				MTL_ENABLE_DEBUG_INFO = YES;
				ONLY_ACTIVE_ARCH = YES;
				SDKROOT = iphoneos;
				SWIFT_ACTIVE_COMPILATION_CONDITIONS = DEBUG;
				SWIFT_OPTIMIZATION_LEVEL = "-Onone";
				TARGETED_DEVICE_FAMILY = "1,2";
			};
			name = Debug;
		};
		9840330C1EEA80AA004B3A1B /* Release */ = {
			isa = XCBuildConfiguration;
			buildSettings = {
				ALWAYS_SEARCH_USER_PATHS = NO;
				CLANG_ANALYZER_NONNULL = YES;
				CLANG_ANALYZER_NUMBER_OBJECT_CONVERSION = YES_AGGRESSIVE;
				CLANG_CXX_LANGUAGE_STANDARD = "gnu++0x";
				CLANG_CXX_LIBRARY = "libc++";
				CLANG_ENABLE_MODULES = YES;
				CLANG_ENABLE_OBJC_ARC = YES;
				CLANG_WARN_BOOL_CONVERSION = YES;
				CLANG_WARN_CONSTANT_CONVERSION = YES;
				CLANG_WARN_DIRECT_OBJC_ISA_USAGE = YES_ERROR;
				CLANG_WARN_DOCUMENTATION_COMMENTS = YES;
				CLANG_WARN_EMPTY_BODY = YES;
				CLANG_WARN_ENUM_CONVERSION = YES;
				CLANG_WARN_INFINITE_RECURSION = YES;
				CLANG_WARN_INT_CONVERSION = YES;
				CLANG_WARN_OBJC_ROOT_CLASS = YES_ERROR;
				CLANG_WARN_SUSPICIOUS_MOVE = YES;
				CLANG_WARN_UNREACHABLE_CODE = YES;
				CLANG_WARN__DUPLICATE_METHOD_MATCH = YES;
				"CODE_SIGN_IDENTITY[sdk=iphoneos*]" = "iPhone Developer";
				COPY_PHASE_STRIP = NO;
				DEBUG_INFORMATION_FORMAT = "dwarf-with-dsym";
				ENABLE_NS_ASSERTIONS = NO;
				ENABLE_STRICT_OBJC_MSGSEND = YES;
				GCC_C_LANGUAGE_STANDARD = gnu99;
				GCC_NO_COMMON_BLOCKS = YES;
				GCC_WARN_64_TO_32_BIT_CONVERSION = YES;
				GCC_WARN_ABOUT_RETURN_TYPE = YES_ERROR;
				GCC_WARN_UNDECLARED_SELECTOR = YES;
				GCC_WARN_UNINITIALIZED_AUTOS = YES_AGGRESSIVE;
				GCC_WARN_UNUSED_FUNCTION = YES;
				GCC_WARN_UNUSED_VARIABLE = YES;
				IPHONEOS_DEPLOYMENT_TARGET = 10.3;
				MTL_ENABLE_DEBUG_INFO = NO;
				SDKROOT = iphoneos;
				SWIFT_OPTIMIZATION_LEVEL = "-Owholemodule";
				TARGETED_DEVICE_FAMILY = "1,2";
				VALIDATE_PRODUCT = YES;
			};
			name = Release;
		};
		9840330E1EEA80AA004B3A1B /* Debug */ = {
			isa = XCBuildConfiguration;
			buildSettings = {
				ASSETCATALOG_COMPILER_APPICON_NAME = AppIcon;
				DEVELOPMENT_TEAM = 4QQ73282F5;
				INFOPLIST_FILE = SDCycleScrollView/Info.plist;
				LD_RUNPATH_SEARCH_PATHS = "$(inherited) @executable_path/Frameworks";
				PRODUCT_BUNDLE_IDENTIFIER = zm.SDCycleScrollView;
				PRODUCT_NAME = "$(TARGET_NAME)";
				SWIFT_VERSION = 3.0;
			};
			name = Debug;
		};
		9840330F1EEA80AA004B3A1B /* Release */ = {
			isa = XCBuildConfiguration;
			buildSettings = {
				ASSETCATALOG_COMPILER_APPICON_NAME = AppIcon;
				DEVELOPMENT_TEAM = 4QQ73282F5;
				INFOPLIST_FILE = SDCycleScrollView/Info.plist;
				LD_RUNPATH_SEARCH_PATHS = "$(inherited) @executable_path/Frameworks";
				PRODUCT_BUNDLE_IDENTIFIER = zm.SDCycleScrollView;
				PRODUCT_NAME = "$(TARGET_NAME)";
				SWIFT_VERSION = 3.0;
			};
			name = Release;
		};
		984033111EEA80AA004B3A1B /* Debug */ = {
			isa = XCBuildConfiguration;
			buildSettings = {
				ALWAYS_EMBED_SWIFT_STANDARD_LIBRARIES = YES;
				BUNDLE_LOADER = "$(TEST_HOST)";
				INFOPLIST_FILE = SDCycleScrollViewTests/Info.plist;
				LD_RUNPATH_SEARCH_PATHS = "$(inherited) @executable_path/Frameworks @loader_path/Frameworks";
				PRODUCT_BUNDLE_IDENTIFIER = zm.SDCycleScrollViewTests;
				PRODUCT_NAME = "$(TARGET_NAME)";
				SWIFT_VERSION = 3.0;
				TEST_HOST = "$(BUILT_PRODUCTS_DIR)/SDCycleScrollView.app/SDCycleScrollView";
			};
			name = Debug;
		};
		984033121EEA80AA004B3A1B /* Release */ = {
			isa = XCBuildConfiguration;
			buildSettings = {
				ALWAYS_EMBED_SWIFT_STANDARD_LIBRARIES = YES;
				BUNDLE_LOADER = "$(TEST_HOST)";
				INFOPLIST_FILE = SDCycleScrollViewTests/Info.plist;
				LD_RUNPATH_SEARCH_PATHS = "$(inherited) @executable_path/Frameworks @loader_path/Frameworks";
				PRODUCT_BUNDLE_IDENTIFIER = zm.SDCycleScrollViewTests;
				PRODUCT_NAME = "$(TARGET_NAME)";
				SWIFT_VERSION = 3.0;
				TEST_HOST = "$(BUILT_PRODUCTS_DIR)/SDCycleScrollView.app/SDCycleScrollView";
			};
			name = Release;
		};
		984033141EEA80AA004B3A1B /* Debug */ = {
			isa = XCBuildConfiguration;
			buildSettings = {
				ALWAYS_EMBED_SWIFT_STANDARD_LIBRARIES = YES;
				INFOPLIST_FILE = SDCycleScrollViewUITests/Info.plist;
				LD_RUNPATH_SEARCH_PATHS = "$(inherited) @executable_path/Frameworks @loader_path/Frameworks";
				PRODUCT_BUNDLE_IDENTIFIER = zm.SDCycleScrollViewUITests;
				PRODUCT_NAME = "$(TARGET_NAME)";
				SWIFT_VERSION = 3.0;
				TEST_TARGET_NAME = SDCycleScrollView;
			};
			name = Debug;
		};
		984033151EEA80AA004B3A1B /* Release */ = {
			isa = XCBuildConfiguration;
			buildSettings = {
				ALWAYS_EMBED_SWIFT_STANDARD_LIBRARIES = YES;
				INFOPLIST_FILE = SDCycleScrollViewUITests/Info.plist;
				LD_RUNPATH_SEARCH_PATHS = "$(inherited) @executable_path/Frameworks @loader_path/Frameworks";
				PRODUCT_BUNDLE_IDENTIFIER = zm.SDCycleScrollViewUITests;
				PRODUCT_NAME = "$(TARGET_NAME)";
				SWIFT_VERSION = 3.0;
				TEST_TARGET_NAME = SDCycleScrollView;
			};
			name = Release;
		};
/* End XCBuildConfiguration section */

/* Begin XCConfigurationList section */
		984032E01EEA80A9004B3A1B /* Build configuration list for PBXProject "SDCycleScrollView" */ = {
			isa = XCConfigurationList;
			buildConfigurations = (
				9840330B1EEA80AA004B3A1B /* Debug */,
				9840330C1EEA80AA004B3A1B /* Release */,
			);
			defaultConfigurationIsVisible = 0;
			defaultConfigurationName = Release;
		};
		9840330D1EEA80AA004B3A1B /* Build configuration list for PBXNativeTarget "SDCycleScrollView" */ = {
			isa = XCConfigurationList;
			buildConfigurations = (
				9840330E1EEA80AA004B3A1B /* Debug */,
				9840330F1EEA80AA004B3A1B /* Release */,
			);
			defaultConfigurationIsVisible = 0;
			defaultConfigurationName = Release;
		};
		984033101EEA80AA004B3A1B /* Build configuration list for PBXNativeTarget "SDCycleScrollViewTests" */ = {
			isa = XCConfigurationList;
			buildConfigurations = (
				984033111EEA80AA004B3A1B /* Debug */,
				984033121EEA80AA004B3A1B /* Release */,
			);
			defaultConfigurationIsVisible = 0;
			defaultConfigurationName = Release;
		};
		984033131EEA80AA004B3A1B /* Build configuration list for PBXNativeTarget "SDCycleScrollViewUITests" */ = {
			isa = XCConfigurationList;
			buildConfigurations = (
				984033141EEA80AA004B3A1B /* Debug */,
				984033151EEA80AA004B3A1B /* Release */,
			);
			defaultConfigurationIsVisible = 0;
			defaultConfigurationName = Release;
		};
/* End XCConfigurationList section */
	};
	rootObject = 984032DD1EEA80A9004B3A1B /* Project object */;
}
